<?xml version="1.0" encoding="utf-8"?>
<Project ToolsVersion="4.0" xmlns="http://schemas.microsoft.com/developer/msbuild/2003">
  <ItemGroup>
    <Filter Include="Source Files">
      <UniqueIdentifier>{4FC737F1-C7A5-4376-A066-2A32D752A2FF}</UniqueIdentifier>
      <Extensions>cpp;c;cc;cxx;c++;cppm;ixx;def;odl;idl;hpj;bat;asm;asmx</Extensions>
    </Filter>
    <Filter Include="Header Files">
      <UniqueIdentifier>{93995380-89BD-4b04-88EB-625FBE52EBFB}</UniqueIdentifier>
      <Extensions>h;hh;hpp;hxx;h++;hm;inl;inc;ipp;xsd</Extensions>
    </Filter>
    <Filter Include="Resource Files">
      <UniqueIdentifier>{67DA6AB6-F800-4c08-8B7A-83BB121AAD01}</UniqueIdentifier>
      <Extensions>rc;ico;cur;bmp;dlg;rc2;rct;bin;rgs;gif;jpg;jpeg;jpe;resx;tiff;tif;png;wav;mfcribbon-ms</Extensions>
    </Filter>
    <Filter Include="Header Files\Orbbec">
      <UniqueIdentifier>{c45f4762-063d-46df-94ae-1e090eef9654}</UniqueIdentifier>
    </Filter>
    <Filter Include="Source Files\Orbbec">
      <UniqueIdentifier>{868846d0-3a30-4ac9-8b18-0a209ccbf106}</UniqueIdentifier>
    </Filter>
    <Filter Include="Header Files\Library">
      <UniqueIdentifier>{d68c9730-b341-424a-8f06-0d60b448f189}</UniqueIdentifier>
    </Filter>
    <Filter Include="Source Files\Library">
      <UniqueIdentifier>{dfac4033-abef-48ee-b342-9faf064f464d}</UniqueIdentifier>
    </Filter>
  </ItemGroup>
  <ItemGroup>
    <ClCompile Include="TrackingCamera.cpp">
      <Filter>Source Files\Orbbec</Filter>
    </ClCompile>
    <ClCompile Include="OrbbecCamera.cpp">
      <Filter>Source Files\Orbbec</Filter>
    </ClCompile>
    <ClCompile Include="Object.cpp">
      <Filter>Source Files\Library</Filter>
    </ClCompile>
    <ClCompile Include="BinaryFileReader.cpp">
      <Filter>Source Files\Library</Filter>
    </ClCompile>
    <ClCompile Include="BinaryFileWriter.cpp">
      <Filter>Source Files\Library</Filter>
    </ClCompile>
    <ClCompile Include="DepthCloud.cpp">
      <Filter>Source Files\Library</Filter>
    </ClCompile>
  </ItemGroup>
  <ItemGroup>
    <ClInclude Include="OrbbecCamera.h">
      <Filter>Header Files\Orbbec</Filter>
    </ClInclude>
    <ClInclude Include="TrackingCamera.h">
      <Filter>Header Files\Orbbec</Filter>
    </ClInclude>
    <ClInclude Include="BinaryFileReader.h">
      <Filter>Header Files\Library</Filter>
    </ClInclude>
    <ClInclude Include="BinaryFileWriter.h">
      <Filter>Header Files\Library</Filter>
    </ClInclude>
    <ClInclude Include="Camera.h">
      <Filter>Header Files\Library</Filter>
    </ClInclude>
    <ClInclude Include="DataFrame.h">
      <Filter>Header Files\Library</Filter>
    </ClInclude>
    <ClInclude Include="DepthCloud.h">
      <Filter>Header Files\Library</Filter>
    </ClInclude>
    <ClInclude Include="Device.h">
      <Filter>Header Files\Library</Filter>
    </ClInclude>
    <ClInclude Include="IntensityImage.h">
      <Filter>Header Files\Library</Filter>
    </ClInclude>
    <ClInclude Include="Interface.h">
      <Filter>Header Files\Library</Filter>
    </ClInclude>
    <ClInclude Include="Mathematics.h">
      <Filter>Header Files\Library</Filter>
    </ClInclude>
    <ClInclude Include="ModelCamera.h">
      <Filter>Header Files\Library</Filter>
    </ClInclude>
    <ClInclude Include="Object.h">
      <Filter>Header Files\Library</Filter>
    </ClInclude>
    <ClInclude Include="OrganizedCloud.h">
      <Filter>Header Files\Library</Filter>
    </ClInclude>
    <ClInclude Include="Palette.h">
      <Filter>Header Files\Library</Filter>
    </ClInclude>
    <ClInclude Include="PerspectiveCamera.h">
      <Filter>Header Files\Library</Filter>
    </ClInclude>
    <ClInclude Include="PhysicalCamera.h">
      <Filter>Header Files\Library</Filter>
    </ClInclude>
    <ClInclude Include="PointCloud.h">
      <Filter>Header Files\Library</Filter>
    </ClInclude>
    <ClInclude Include="PointTypes.h">
      <Filter>Header Files\Library</Filter>
    </ClInclude>
    <ClInclude Include="Serializable.h">
      <Filter>Header Files\Library</Filter>
    </ClInclude>
    <ClInclude Include="StudioPalettes.h">
      <Filter>Header Files\Library</Filter>
    </ClInclude>
  </ItemGroup>
</Project>